
Microsoft Visual Studio Solution File, Format Version 11.00
# Visual Studio 2010
Project("{FAE04EC0-301F-11D3-BF4B-00C04F79EFBC}") = "Assembly-CSharp", "Assembly-CSharp.csproj", "{E8C89D08-4FD7-36FD-75FA-E93DC23EAE32}"
EndProject
Project("{FAE04EC0-301F-11D3-BF4B-00C04F79EFBC}") = "Assembly-CSharp-Editor", "Assembly-CSharp-Editor.csproj", "{3FA5C0A9-3830-111A-E19B-94F959B55862}"
EndProject
Global
	GlobalSection(SolutionConfigurationPlatforms) = preSolution
		Debug|Any CPU = Debug|Any CPU
		Release|Any CPU = Release|Any CPU
	EndGlobalSection
	GlobalSection(ProjectConfigurationPlatforms) = postSolution
		{E8C89D08-4FD7-36FD-75FA-E93DC23EAE32}.Debug|Any CPU.ActiveCfg = Debug|Any CPU
		{E8C89D08-4FD7-36FD-75FA-E93DC23EAE32}.Debug|Any CPU.Build.0 = Debug|Any CPU
		{E8C89D08-4FD7-36FD-75FA-E93DC23EAE32}.Release|Any CPU.ActiveCfg = Release|Any CPU
		{E8C89D08-4FD7-36FD-75FA-E93DC23EAE32}.Release|Any CPU.Build.0 = Release|Any CPU
		{3FA5C0A9-3830-111A-E19B-94F959B55862}.Debug|Any CPU.ActiveCfg = Debug|Any CPU
		{3FA5C0A9-3830-111A-E19B-94F959B55862}.Debug|Any CPU.Build.0 = Debug|Any CPU
		{3FA5C0A9-3830-111A-E19B-94F959B55862}.Release|Any CPU.ActiveCfg = Release|Any CPU
		{3FA5C0A9-3830-111A-E19B-94F959B55862}.Release|Any CPU.Build.0 = Release|Any CPU
	EndGlobalSection
	GlobalSection(SolutionProperties) = preSolution
		HideSolutionNode = FALSE
	EndGlobalSection
	GlobalSection(MonoDevelopProperties) = preSolution
		StartupItem = Assembly-CSharp.csproj
	EndGlobalSection
EndGlobal
